
Microsoft Visual Studio Solution File, Format Version 12.00
# Visual Studio 15
VisualStudioVersion = 15.0.27130.2020
MinimumVisualStudioVersion = 10.0.40219.1
Project("{FAE04EC0-301F-11D3-BF4B-00C04F79EFBC}") = "School.Entities", "School.Entities\School.Entities.csproj", "{8517D404-207B-48BC-AF71-3912B33E42EE}"
EndProject
Project("{FAE04EC0-301F-11D3-BF4B-00C04F79EFBC}") = "School.DataAccess", "School.DataAccess\School.DataAccess.csproj", "{C53EBF9D-EBF4-4968-8EAB-BE31F9E31431}"
EndProject
Project("{FAE04EC0-301F-11D3-BF4B-00C04F79EFBC}") = "School.Business", "School.Business\School.Business.csproj", "{68CB979A-9CFA-43CD-85EE-477EAE8890A4}"
EndProject
Project("{FAE04EC0-301F-11D3-BF4B-00C04F79EFBC}") = "School.WinForm", "School.WinForm\School.WinForm.csproj", "{0669D11C-3C6F-4236-AAED-AABE99C1C588}"
EndProject
Global
	GlobalSection(SolutionConfigurationPlatforms) = preSolution
		Debug|Any CPU = Debug|Any CPU
		Release|Any CPU = Release|Any CPU
	EndGlobalSection
	GlobalSection(ProjectConfigurationPlatforms) = postSolution
		{8517D404-207B-48BC-AF71-3912B33E42EE}.Debug|Any CPU.ActiveCfg = Debug|Any CPU
		{8517D404-207B-48BC-AF71-3912B33E42EE}.Debug|Any CPU.Build.0 = Debug|Any CPU
		{8517D404-207B-48BC-AF71-3912B33E42EE}.Release|Any CPU.ActiveCfg = Release|Any CPU
		{8517D404-207B-48BC-AF71-3912B33E42EE}.Release|Any CPU.Build.0 = Release|Any CPU
		{C53EBF9D-EBF4-4968-8EAB-BE31F9E31431}.Debug|Any CPU.ActiveCfg = Debug|Any CPU
		{C53EBF9D-EBF4-4968-8EAB-BE31F9E31431}.Debug|Any CPU.Build.0 = Debug|Any CPU
		{C53EBF9D-EBF4-4968-8EAB-BE31F9E31431}.Release|Any CPU.ActiveCfg = Release|Any CPU
		{C53EBF9D-EBF4-4968-8EAB-BE31F9E31431}.Release|Any CPU.Build.0 = Release|Any CPU
		{68CB979A-9CFA-43CD-85EE-477EAE8890A4}.Debug|Any CPU.ActiveCfg = Debug|Any CPU
		{68CB979A-9CFA-43CD-85EE-477EAE8890A4}.Debug|Any CPU.Build.0 = Debug|Any CPU
		{68CB979A-9CFA-43CD-85EE-477EAE8890A4}.Release|Any CPU.ActiveCfg = Release|Any CPU
		{68CB979A-9CFA-43CD-85EE-477EAE8890A4}.Release|Any CPU.Build.0 = Release|Any CPU
		{0669D11C-3C6F-4236-AAED-AABE99C1C588}.Debug|Any CPU.ActiveCfg = Debug|Any CPU
		{0669D11C-3C6F-4236-AAED-AABE99C1C588}.Debug|Any CPU.Build.0 = Debug|Any CPU
		{0669D11C-3C6F-4236-AAED-AABE99C1C588}.Release|Any CPU.ActiveCfg = Release|Any CPU
		{0669D11C-3C6F-4236-AAED-AABE99C1C588}.Release|Any CPU.Build.0 = Release|Any CPU
	EndGlobalSection
	GlobalSection(SolutionProperties) = preSolution
		HideSolutionNode = FALSE
	EndGlobalSection
	GlobalSection(ExtensibilityGlobals) = postSolution
		SolutionGuid = {686B0F1D-7267-4184-B298-2DF373D1BB9B}
	EndGlobalSection
EndGlobal
